	<Project xmlns="http://schemas.microsoft.com/developer/msbuild/2003">
		<PropertyGroup>
			<ProjectGuid>{EF263F44-D5D3-4692-B00C-6341A8EB7463}</ProjectGuid>
			<ProjectVersion>12.0</ProjectVersion>
			<MainSource>prjAbasteceFortes.dpr</MainSource>
			<Config Condition="'$(Config)'==''">Debug</Config>
			<DCC_DCCCompiler>DCC32</DCC_DCCCompiler>
		</PropertyGroup>
		<PropertyGroup Condition="'$(Config)'=='Base' or '$(Base)'!=''">
			<Base>true</Base>
		</PropertyGroup>
		<PropertyGroup Condition="'$(Config)'=='Release' or '$(Cfg_1)'!=''">
			<Cfg_1>true</Cfg_1>
			<CfgParent>Base</CfgParent>
			<Base>true</Base>
		</PropertyGroup>
		<PropertyGroup Condition="'$(Config)'=='Debug' or '$(Cfg_2)'!=''">
			<Cfg_2>true</Cfg_2>
			<CfgParent>Base</CfgParent>
			<Base>true</Base>
		</PropertyGroup>
		<PropertyGroup Condition="'$(Base)'!=''">
			<DCC_UsePackage>vclx;vcl;vclimg;dbrtl;Rave77VCL;bdertl;rtl;vclactnband;vcldb;vcldbx;vcltouch;xmlrtl;dsnap;dsnapcon;TeeUI;TeeDB;Tee;vclib;ibxpress;adortl;IndyCore;IndySystem;IndyProtocols;inet;intrawebdb_100_140;Intraweb_100_140;VclSmp;vclie;websnap;webdsnap;inetdb;inetdbbde;inetdbxpress;soaprtl;vclribbon;dbexpress;DbxCommonDriver;DataSnapIndy10ServerTransport;DataSnapProviderClient;DbxClientDriver;DataSnapServer;DBXInterBaseDriver;DBXMySQLDriver;dbxcds;DBXFirebirdDriver;DBXSybaseASEDriver;DBXSybaseASADriver;DBXOracleDriver;DBXMSSQLDriver;DBXInformixDriver;DBXDb2Driver;SynEdit_R2010;uniGUI14VCL;uniGUI14Chart;dacvcl140;dac140;crcontrols140;unidacvcl140;unidac140;EurekaLogCore;dxCoreD14;cxLibraryD14;cxEditorsD14;dxBarD14;dxBarDBNavD14;dxBarExtDBItemsD14;dxBarExtItemsD14;dxRibbonD14;cxBarEditItemD14;dxdbtrD14;dxtrmdD14;dxmdsD14;dxDockingD14;dxThemeD14;dxGDIPlusD14;dxFlowChartD14;cxPageControlD14;dxComnD14;cxPageControldxBarPopupMenuD14;dxTabbedMDID14;dxLayoutControlD14;dxNavBarD14;dxorgcD14;dxdborD14;cxGridD14;cxPivotGridD14;cxPivotGridChartD14;cxPivotGridOLAPD14;cxTreeListD14;cxTreeListdxBarPopupMenuD14;cxSchedulerD14;cxSchedulerGridD14;dcldxSkinsCoreD14;dxSkinsCoreD14;dxSkinscxPCPainterD14;dxSkinscxSchedulerPainterD14;dxSkinsdxDLPainterD14;dxSkinsdxBarPainterD14;dxSkinsdxNavBarPainterD14;dxSpellCheckerD14;cxSpreadSheetD14;cxVerticalGridD14;dxPSCoreD14;dxPSLnksD14;dxPScxCommonD14;dxPScxExtCommonD14;dxPScxGridLnkD14;dxPSdxLCLnkD14;dxPScxPivotGridLnkD14;dxPScxSchedulerLnkD14;dxPScxSSLnkD14;dxPScxTLLnkD14;dxPScxVGridLnkD14;dxPSTeeChartD14;dxPSDBTeeChartD14;dxPSdxOCLnkD14;dxPSdxDBOCLnkD14;dxPSdxDBTVLnkD14;dxPSdxFCLnkD14;dxPScxPCProdD14;dxPsPrVwAdvD14;dxPSPrVwRibbonD14;dxSkinsdxRibbonPainterD14;dxSkinBlackD14;dxSkinBlueD14;dxSkinCaramelD14;dxSkinCoffeeD14;dxSkinDarkRoomD14;dxSkinDarkSideD14;dxSkinFoggyD14;dxSkinGlassOceansD14;dxSkiniMaginaryD14;dxSkinLilianD14;dxSkinLiquidSkyD14;dxSkinLondonLiquidSkyD14;dxSkinMcSkinD14;dxSkinMoneyTwinsD14;dxSkinOffice2007BlackD14;dxSkinOffice2007BlueD14;dxSkinOffice2007GreenD14;dxSkinOffice2007PinkD14;dxSkinOffice2007SilverD14;dxSkinOffice2010BlackD14;dxSkinOffice2010BlueD14;dxSkinOffice2010SilverD14;dxSkinPumpkinD14;dxSkinSevenD14;dxSkinSharpD14;dxSkinSilverD14;dxSkinSpringTimeD14;dxSkinStardustD14;dxSkinSummer2008D14;dxSkinValentineD14;dxSkinXmas2008BlueD14;dxSkinBlueprintD14;dxSkinDevExpressDarkStyleD14;dxSkinDevExpressStyleD14;dxSkinHighContrastD14;dxSkinSevenClassicD14;dxSkinSharpPlusD14;dxSkinTheAsphaltWorldD14;dxSkinVS2010D14;dxSkinWhiteprintD14;tmsd2010;tmsexd2010;tmswizd2010;tmsxlsd2010;VirtualTreesR;ACBr_Comum;ACBr_synapse;ACBr_Diversos;ACBr_OpenSSL;ACBr_Serial;ACBr_TCP;ACBr_SAT;ACBr_PCNComum;ACBr_SPED;ACBr_TXTComum;ACBr_NFe;ACBr_DFeComum;ACBr_NFeDanfeESCPOS;ACBr_MDFe;ACBr_GNRE;JclVcl;Jcl;JvCore;JvSystem;JvStdCtrls;JvAppFrm;JvBands;JvDB;JvDlgs;JvBDE;JvControls;JvCmp;JvCrypt;JvCustom;JvDocking;JvDotNetCtrls;JvGlobus;JvHMI;JvJans;JvManagedThreads;JvMM;JvNet;JvPageComps;JvPascalInterpreter;JclDeveloperTools;JvPluginSystem;JvPrintPreview;JvRuntimeDesign;JvTimeFramework;JvWizards;JvXPCtrls;RaizeComponentsVcl;RaizeComponentsVclDb;RLibWinD2010</DCC_UsePackage>
			<DCC_ExeOutput>..\bin</DCC_ExeOutput>
			<DCC_UnitAlias>WinTypes=Windows;WinProcs=Windows;DbiTypes=BDE;DbiProcs=BDE;DbiErrs=BDE;$(DCC_UnitAlias)</DCC_UnitAlias>
			<DCC_DependencyCheckOutputName>..\bin\prjAbasteceFortes.exe</DCC_DependencyCheckOutputName>
			<DCC_DcuOutput>..\dcu</DCC_DcuOutput>
			<DCC_ImageBase>00400000</DCC_ImageBase>
			<DCC_Platform>x86</DCC_Platform>
		</PropertyGroup>
		<PropertyGroup Condition="'$(Cfg_1)'!=''">
			<DCC_DependencyCheckOutputName>..\bin\release\prjAbasteceFortes.exe</DCC_DependencyCheckOutputName>
			<DCC_ExeOutput>..\bin\release</DCC_ExeOutput>
			<DCC_LocalDebugSymbols>false</DCC_LocalDebugSymbols>
			<DCC_Define>RELEASE;$(DCC_Define)</DCC_Define>
			<DCC_SymbolReferenceInfo>0</DCC_SymbolReferenceInfo>
			<DCC_DebugInformation>false</DCC_DebugInformation>
		</PropertyGroup>
		<PropertyGroup Condition="'$(Cfg_2)'!=''">
			<DCC_DependencyCheckOutputName>..\bin\debug\prjAbasteceFortes.exe</DCC_DependencyCheckOutputName>
			<DCC_ExeOutput>..\bin\debug</DCC_ExeOutput>
			<DCC_MapFile>3</DCC_MapFile>
			<DCC_GenerateStackFrames>true</DCC_GenerateStackFrames>
			<DCC_Define>DEBUG;$(DCC_Define)</DCC_Define>
		</PropertyGroup>
		<ItemGroup>
			<DelphiCompile Include="prjAbasteceFortes.dpr">
				<MainSource>MainSource</MainSource>
			</DelphiCompile>
			<DCCReference Include="..\src\view\uFrmPrincipal.pas">
				<Form>frmPrincipal</Form>
			</DCCReference>
			<DCCReference Include="..\src\controller\uDmData.pas">
				<Form>dmData</Form>
				<DesignClass>TDataModule</DesignClass>
			</DCCReference>
			<DCCReference Include="..\src\model\uTanqueModel.pas"/>
			<DCCReference Include="..\src\model\uBombaModel.pas"/>
			<DCCReference Include="..\src\model\uAbastecimentoModel.pas"/>
			<DCCReference Include="..\src\model\uFrmBase.pas">
				<Form>frmBase</Form>
			</DCCReference>
			<DCCReference Include="..\src\controller\uTanqueController.pas"/>
			<DCCReference Include="..\src\controller\uBombaController.pas"/>
			<DCCReference Include="..\src\controller\uAbastecimentoController.pas"/>
			<DCCReference Include="..\src\view\uFrmTanques.pas">
				<Form>frmTanques</Form>
			</DCCReference>
			<DCCReference Include="..\src\controller\uFuncoes.pas"/>
			<DCCReference Include="..\src\view\uFrmBombas.pas">
				<Form>frmBombas</Form>
			</DCCReference>
			<DCCReference Include="..\src\view\uFrmAbastecimentos.pas">
				<Form>FrmAbastecimentos</Form>
			</DCCReference>
			<DCCReference Include="..\src\view\uFrmRelatorio.pas">
				<Form>frmRelatorio</Form>
			</DCCReference>
			<BuildConfiguration Include="Base">
				<Key>Base</Key>
			</BuildConfiguration>
			<BuildConfiguration Include="Debug">
				<Key>Cfg_2</Key>
				<CfgParent>Base</CfgParent>
			</BuildConfiguration>
			<BuildConfiguration Include="Release">
				<Key>Cfg_1</Key>
				<CfgParent>Base</CfgParent>
			</BuildConfiguration>
		</ItemGroup>
		<Import Project="$(BDS)\Bin\CodeGear.Delphi.Targets" Condition="Exists('$(BDS)\Bin\CodeGear.Delphi.Targets')"/>
		<ProjectExtensions>
			<Borland.Personality>Delphi.Personality.12</Borland.Personality>
			<Borland.ProjectType/>
			<BorlandProject>
				<Delphi.Personality>
					<Source>
						<Source Name="MainSource">prjAbasteceFortes.dpr</Source>
					</Source>
					<Parameters>
						<Parameters Name="UseLauncher">False</Parameters>
						<Parameters Name="LoadAllSymbols">True</Parameters>
						<Parameters Name="LoadUnspecifiedSymbols">False</Parameters>
					</Parameters>
					<VersionInfo>
						<VersionInfo Name="IncludeVerInfo">False</VersionInfo>
						<VersionInfo Name="AutoIncBuild">False</VersionInfo>
						<VersionInfo Name="MajorVer">1</VersionInfo>
						<VersionInfo Name="MinorVer">0</VersionInfo>
						<VersionInfo Name="Release">0</VersionInfo>
						<VersionInfo Name="Build">0</VersionInfo>
						<VersionInfo Name="Debug">False</VersionInfo>
						<VersionInfo Name="PreRelease">False</VersionInfo>
						<VersionInfo Name="Special">False</VersionInfo>
						<VersionInfo Name="Private">False</VersionInfo>
						<VersionInfo Name="DLL">False</VersionInfo>
						<VersionInfo Name="Locale">1046</VersionInfo>
						<VersionInfo Name="CodePage">1252</VersionInfo>
					</VersionInfo>
					<VersionInfoKeys>
						<VersionInfoKeys Name="CompanyName"/>
						<VersionInfoKeys Name="FileDescription"/>
						<VersionInfoKeys Name="FileVersion">1.0.0.0</VersionInfoKeys>
						<VersionInfoKeys Name="InternalName"/>
						<VersionInfoKeys Name="LegalCopyright"/>
						<VersionInfoKeys Name="LegalTrademarks"/>
						<VersionInfoKeys Name="OriginalFilename"/>
						<VersionInfoKeys Name="ProductName"/>
						<VersionInfoKeys Name="ProductVersion">1.0.0.0</VersionInfoKeys>
						<VersionInfoKeys Name="Comments"/>
					</VersionInfoKeys>
					<Excluded_Packages>
						<Excluded_Packages Name="$(BDS)\bin\dcloffice2k140.bpl">Microsoft Office 2000 Sample Automation Server Wrapper Components</Excluded_Packages>
						<Excluded_Packages Name="$(BDS)\bin\dclofficexp140.bpl">Microsoft Office XP Sample Automation Server Wrapper Components</Excluded_Packages>
						<Excluded_Packages Name="$(BDS)\Bpl\JclBaseExpert140.bpl">JCL Package containing common units for JCL Experts</Excluded_Packages>
						<Excluded_Packages Name="$(BDS)\Bpl\JclDebugExpert140.bpl">JCL Debug IDE extension</Excluded_Packages>
						<Excluded_Packages Name="$(BDS)\Bpl\JclProjectAnalysisExpert140.bpl">JCL Project Analyzer</Excluded_Packages>
						<Excluded_Packages Name="$(BDS)\Bpl\JclFavoriteFoldersExpert140.bpl">JCL Open and Save IDE dialogs with favorite folders</Excluded_Packages>
						<Excluded_Packages Name="$(BDS)\Bpl\JclRepositoryExpert140.bpl">JCL Package containing repository wizards</Excluded_Packages>
						<Excluded_Packages Name="$(BDS)\Bpl\JclSIMDViewExpert140.bpl">JCL Debug Window of XMM registers</Excluded_Packages>
						<Excluded_Packages Name="$(BDS)\Bpl\JclStackTraceViewerExpert140.bpl">JCL Stack Trace Viewer</Excluded_Packages>
					</Excluded_Packages>
				</Delphi.Personality>
			</BorlandProject>
			<ProjectFileVersion>12</ProjectFileVersion>
		</ProjectExtensions>
	</Project>

<!-- EurekaLog First Line
[Exception Log]
EurekaLog Version=7007
Activate=0
atVCL=1
DeleteMapAfterCompile=0
Encrypt Password=""
idEurekaLog=1
idEurekaLogDetailed=1
idMSClassic=1
idStepsToReproduce=1
ProjectID="{14D21DF4-6D4F-49A2-A7CB-FAD0658E8A26}"
EurekaLog Last Line -->
